
Microsoft Visual Studio Solution File, Format Version 12.00
# Visual Studio Version 17
VisualStudioVersion = 17.5.002.0
MinimumVisualStudioVersion = 10.0.40219.1
Project("{9A19103F-16F7-4668-BE54-9A1E7A4F7556}") = "warren-analysis-desk", "warren-analysis-desk.csproj", "{B8EF7590-05DD-40F9-BB85-9EA6B3FB577D}"
EndProject
Global
	GlobalSection(SolutionConfigurationPlatforms) = preSolution
		Debug|Any CPU = Debug|Any CPU
		Release|Any CPU = Release|Any CPU
	EndGlobalSection
	GlobalSection(ProjectConfigurationPlatforms) = postSolution
		{B8EF7590-05DD-40F9-BB85-9EA6B3FB577D}.Debug|Any CPU.ActiveCfg = Debug|Any CPU
		{B8EF7590-05DD-40F9-BB85-9EA6B3FB577D}.Debug|Any CPU.Build.0 = Debug|Any CPU
		{B8EF7590-05DD-40F9-BB85-9EA6B3FB577D}.Release|Any CPU.ActiveCfg = Release|Any CPU
		{B8EF7590-05DD-40F9-BB85-9EA6B3FB577D}.Release|Any CPU.Build.0 = Release|Any CPU
	EndGlobalSection
	GlobalSection(SolutionProperties) = preSolution
		HideSolutionNode = FALSE
	EndGlobalSection
	GlobalSection(ExtensibilityGlobals) = postSolution
		SolutionGuid = {C83D1B57-2A05-426C-B21D-D63DE4478864}
	EndGlobalSection
EndGlobal
